// !$*UTF8*$!
{
	archiveVersion = 1;
	classes = {
	};
	objectVersion = 52;
	objects = {

/* Begin PBXBuildFile section */
		CE74E30E2423C97000005FDE /* Alamofire in Frameworks */ = {isa = PBXBuildFile; productRef = CE74E30D2423C97000005FDE /* Alamofire */; };
		CED5B355241E991400410D73 /* AppDelegate.swift in Sources */ = {isa = PBXBuildFile; fileRef = CED5B354241E991400410D73 /* AppDelegate.swift */; };
		CED5B357241E991400410D73 /* SceneDelegate.swift in Sources */ = {isa = PBXBuildFile; fileRef = CED5B356241E991400410D73 /* SceneDelegate.swift */; };
		CED5B359241E991400410D73 /* ItemsListController.swift in Sources */ = {isa = PBXBuildFile; fileRef = CED5B358241E991400410D73 /* ItemsListController.swift */; };
		CED5B35C241E991400410D73 /* Main.storyboard in Resources */ = {isa = PBXBuildFile; fileRef = CED5B35A241E991400410D73 /* Main.storyboard */; };
		CED5B35E241E991600410D73 /* Assets.xcassets in Resources */ = {isa = PBXBuildFile; fileRef = CED5B35D241E991600410D73 /* Assets.xcassets */; };
		CED5B361241E991600410D73 /* LaunchScreen.storyboard in Resources */ = {isa = PBXBuildFile; fileRef = CED5B35F241E991600410D73 /* LaunchScreen.storyboard */; };
		CED5B369241E9DCF00410D73 /* NumberItem.swift in Sources */ = {isa = PBXBuildFile; fileRef = CED5B368241E9DCF00410D73 /* NumberItem.swift */; };
		CED5B36B241EA4A600410D73 /* ItemCell.swift in Sources */ = {isa = PBXBuildFile; fileRef = CED5B36A241EA4A600410D73 /* ItemCell.swift */; };
		CED5B36D241EB0AA00410D73 /* AddItemViewController.swift in Sources */ = {isa = PBXBuildFile; fileRef = CED5B36C241EB0AA00410D73 /* AddItemViewController.swift */; };
/* End PBXBuildFile section */

/* Begin PBXFileReference section */
		CED5B351241E991400410D73 /* hw3.app */ = {isa = PBXFileReference; explicitFileType = wrapper.application; includeInIndex = 0; path = hw3.app; sourceTree = BUILT_PRODUCTS_DIR; };
		CED5B354241E991400410D73 /* AppDelegate.swift */ = {isa = PBXFileReference; lastKnownFileType = sourcecode.swift; path = AppDelegate.swift; sourceTree = "<group>"; };
		CED5B356241E991400410D73 /* SceneDelegate.swift */ = {isa = PBXFileReference; lastKnownFileType = sourcecode.swift; path = SceneDelegate.swift; sourceTree = "<group>"; };
		CED5B358241E991400410D73 /* ItemsListController.swift */ = {isa = PBXFileReference; lastKnownFileType = sourcecode.swift; path = ItemsListController.swift; sourceTree = "<group>"; };
		CED5B35B241E991400410D73 /* Base */ = {isa = PBXFileReference; lastKnownFileType = file.storyboard; name = Base; path = Base.lproj/Main.storyboard; sourceTree = "<group>"; };
		CED5B35D241E991600410D73 /* Assets.xcassets */ = {isa = PBXFileReference; lastKnownFileType = folder.assetcatalog; path = Assets.xcassets; sourceTree = "<group>"; };
		CED5B360241E991600410D73 /* Base */ = {isa = PBXFileReference; lastKnownFileType = file.storyboard; name = Base; path = Base.lproj/LaunchScreen.storyboard; sourceTree = "<group>"; };
		CED5B362241E991600410D73 /* Info.plist */ = {isa = PBXFileReference; lastKnownFileType = text.plist.xml; path = Info.plist; sourceTree = "<group>"; };
		CED5B368241E9DCF00410D73 /* NumberItem.swift */ = {isa = PBXFileReference; lastKnownFileType = sourcecode.swift; path = NumberItem.swift; sourceTree = "<group>"; };
		CED5B36A241EA4A600410D73 /* ItemCell.swift */ = {isa = PBXFileReference; lastKnownFileType = sourcecode.swift; path = ItemCell.swift; sourceTree = "<group>"; };
		CED5B36C241EB0AA00410D73 /* AddItemViewController.swift */ = {isa = PBXFileReference; lastKnownFileType = sourcecode.swift; path = AddItemViewController.swift; sourceTree = "<group>"; };
/* End PBXFileReference section */

/* Begin PBXFrameworksBuildPhase section */
		CED5B34E241E991400410D73 /* Frameworks */ = {
			isa = PBXFrameworksBuildPhase;
			buildActionMask = 2147483647;
			files = (
				CE74E30E2423C97000005FDE /* Alamofire in Frameworks */,
			);
			runOnlyForDeploymentPostprocessing = 0;
		};
/* End PBXFrameworksBuildPhase section */

/* Begin PBXGroup section */
		CED5B348241E991400410D73 = {
			isa = PBXGroup;
			children = (
				CED5B353241E991400410D73 /* hw3 */,
				CED5B352241E991400410D73 /* Products */,
			);
			sourceTree = "<group>";
		};
		CED5B352241E991400410D73 /* Products */ = {
			isa = PBXGroup;
			children = (
				CED5B351241E991400410D73 /* hw3.app */,
			);
			name = Products;
			sourceTree = "<group>";
		};
		CED5B353241E991400410D73 /* hw3 */ = {
			isa = PBXGroup;
			children = (
				CED5B354241E991400410D73 /* AppDelegate.swift */,
				CED5B356241E991400410D73 /* SceneDelegate.swift */,
				CED5B358241E991400410D73 /* ItemsListController.swift */,
				CED5B36A241EA4A600410D73 /* ItemCell.swift */,
				CED5B35A241E991400410D73 /* Main.storyboard */,
				CED5B368241E9DCF00410D73 /* NumberItem.swift */,
				CED5B36C241EB0AA00410D73 /* AddItemViewController.swift */,
				CED5B35D241E991600410D73 /* Assets.xcassets */,
				CED5B35F241E991600410D73 /* LaunchScreen.storyboard */,
				CED5B362241E991600410D73 /* Info.plist */,
			);
			path = hw3;
			sourceTree = "<group>";
		};
/* End PBXGroup section */

/* Begin PBXNativeTarget section */
		CED5B350241E991400410D73 /* hw3 */ = {
			isa = PBXNativeTarget;
			buildConfigurationList = CED5B365241E991600410D73 /* Build configuration list for PBXNativeTarget "hw3" */;
			buildPhases = (
				CED5B34D241E991400410D73 /* Sources */,
				CED5B34E241E991400410D73 /* Frameworks */,
				CED5B34F241E991400410D73 /* Resources */,
			);
			buildRules = (
			);
			dependencies = (
			);
			name = hw3;
			packageProductDependencies = (
				CE74E30D2423C97000005FDE /* Alamofire */,
			);
			productName = hw3;
			productReference = CED5B351241E991400410D73 /* hw3.app */;
			productType = "com.apple.product-type.application";
		};
/* End PBXNativeTarget section */

/* Begin PBXProject section */
		CED5B349241E991400410D73 /* Project object */ = {
			isa = PBXProject;
			attributes = {
				LastSwiftUpdateCheck = 1130;
				LastUpgradeCheck = 1130;
				ORGANIZATIONNAME = "Jakub Petrjanoš";
				TargetAttributes = {
					CED5B350241E991400410D73 = {
						CreatedOnToolsVersion = 11.3.1;
					};
				};
			};
			buildConfigurationList = CED5B34C241E991400410D73 /* Build configuration list for PBXProject "hw3" */;
			compatibilityVersion = "Xcode 9.3";
			developmentRegion = en;
			hasScannedForEncodings = 0;
			knownRegions = (
				en,
				Base,
			);
			mainGroup = CED5B348241E991400410D73;
			packageReferences = (
				CE74E30C2423C97000005FDE /* XCRemoteSwiftPackageReference "Alamofire" */,
			);
			productRefGroup = CED5B352241E991400410D73 /* Products */;
			projectDirPath = "";
			projectRoot = "";
			targets = (
				CED5B350241E991400410D73 /* hw3 */,
			);
		};
/* End PBXProject section */

/* Begin PBXResourcesBuildPhase section */
		CED5B34F241E991400410D73 /* Resources */ = {
			isa = PBXResourcesBuildPhase;
			buildActionMask = 2147483647;
			files = (
				CED5B361241E991600410D73 /* LaunchScreen.storyboard in Resources */,
				CED5B35E241E991600410D73 /* Assets.xcassets in Resources */,
				CED5B35C241E991400410D73 /* Main.storyboard in Resources */,
			);
			runOnlyForDeploymentPostprocessing = 0;
		};
/* End PBXResourcesBuildPhase section */

/* Begin PBXSourcesBuildPhase section */
		CED5B34D241E991400410D73 /* Sources */ = {
			isa = PBXSourcesBuildPhase;
			buildActionMask = 2147483647;
			files = (
				CED5B36D241EB0AA00410D73 /* AddItemViewController.swift in Sources */,
				CED5B359241E991400410D73 /* ItemsListController.swift in Sources */,
				CED5B355241E991400410D73 /* AppDelegate.swift in Sources */,
				CED5B357241E991400410D73 /* SceneDelegate.swift in Sources */,
				CED5B369241E9DCF00410D73 /* NumberItem.swift in Sources */,
				CED5B36B241EA4A600410D73 /* ItemCell.swift in Sources */,
			);
			runOnlyForDeploymentPostprocessing = 0;
		};
/* End PBXSourcesBuildPhase section */

/* Begin PBXVariantGroup section */
		CED5B35A241E991400410D73 /* Main.storyboard */ = {
			isa = PBXVariantGroup;
			children = (
				CED5B35B241E991400410D73 /* Base */,
			);
			name = Main.storyboard;
			sourceTree = "<group>";
		};
		CED5B35F241E991600410D73 /* LaunchScreen.storyboard */ = {
			isa = PBXVariantGroup;
			children = (
				CED5B360241E991600410D73 /* Base */,
			);
			name = LaunchScreen.storyboard;
			sourceTree = "<group>";
		};
/* End PBXVariantGroup section */

/* Begin XCBuildConfiguration section */
		CED5B363241E991600410D73 /* Debug */ = {
			isa = XCBuildConfiguration;
			buildSettings = {
				ALWAYS_SEARCH_USER_PATHS = NO;
				CLANG_ANALYZER_NONNULL = YES;
				CLANG_ANALYZER_NUMBER_OBJECT_CONVERSION = YES_AGGRESSIVE;
				CLANG_CXX_LANGUAGE_STANDARD = "gnu++14";
				CLANG_CXX_LIBRARY = "libc++";
				CLANG_ENABLE_MODULES = YES;
				CLANG_ENABLE_OBJC_ARC = YES;
				CLANG_ENABLE_OBJC_WEAK = YES;
				CLANG_WARN_BLOCK_CAPTURE_AUTORELEASING = YES;
				CLANG_WARN_BOOL_CONVERSION = YES;
				CLANG_WARN_COMMA = YES;
				CLANG_WARN_CONSTANT_CONVERSION = YES;
				CLANG_WARN_DEPRECATED_OBJC_IMPLEMENTATIONS = YES;
				CLANG_WARN_DIRECT_OBJC_ISA_USAGE = YES_ERROR;
				CLANG_WARN_DOCUMENTATION_COMMENTS = YES;
				CLANG_WARN_EMPTY_BODY = YES;
				CLANG_WARN_ENUM_CONVERSION = YES;
				CLANG_WARN_INFINITE_RECURSION = YES;
				CLANG_WARN_INT_CONVERSION = YES;
				CLANG_WARN_NON_LITERAL_NULL_CONVERSION = YES;
				CLANG_WARN_OBJC_IMPLICIT_RETAIN_SELF = YES;
				CLANG_WARN_OBJC_LITERAL_CONVERSION = YES;
				CLANG_WARN_OBJC_ROOT_CLASS = YES_ERROR;
				CLANG_WARN_RANGE_LOOP_ANALYSIS = YES;
				CLANG_WARN_STRICT_PROTOTYPES = YES;
				CLANG_WARN_SUSPICIOUS_MOVE = YES;
				CLANG_WARN_UNGUARDED_AVAILABILITY = YES_AGGRESSIVE;
				CLANG_WARN_UNREACHABLE_CODE = YES;
				CLANG_WARN__DUPLICATE_METHOD_MATCH = YES;
				COPY_PHASE_STRIP = NO;
				DEBUG_INFORMATION_FORMAT = dwarf;
				ENABLE_STRICT_OBJC_MSGSEND = YES;
				ENABLE_TESTABILITY = YES;
				GCC_C_LANGUAGE_STANDARD = gnu11;
				GCC_DYNAMIC_NO_PIC = NO;
				GCC_NO_COMMON_BLOCKS = YES;
				GCC_OPTIMIZATION_LEVEL = 0;
				GCC_PREPROCESSOR_DEFINITIONS = (
					"DEBUG=1",
					"$(inherited)",
				);
				GCC_WARN_64_TO_32_BIT_CONVERSION = YES;
				GCC_WARN_ABOUT_RETURN_TYPE = YES_ERROR;
				GCC_WARN_UNDECLARED_SELECTOR = YES;
				GCC_WARN_UNINITIALIZED_AUTOS = YES_AGGRESSIVE;
				GCC_WARN_UNUSED_FUNCTION = YES;
				GCC_WARN_UNUSED_VARIABLE = YES;
				IPHONEOS_DEPLOYMENT_TARGET = 13.2;
				MTL_ENABLE_DEBUG_INFO = INCLUDE_SOURCE;
				MTL_FAST_MATH = YES;
				ONLY_ACTIVE_ARCH = YES;
				SDKROOT = iphoneos;
				SWIFT_ACTIVE_COMPILATION_CONDITIONS = DEBUG;
				SWIFT_OPTIMIZATION_LEVEL = "-Onone";
			};
			name = Debug;
		};
		CED5B364241E991600410D73 /* Release */ = {
			isa = XCBuildConfiguration;
			buildSettings = {
				ALWAYS_SEARCH_USER_PATHS = NO;
				CLANG_ANALYZER_NONNULL = YES;
				CLANG_ANALYZER_NUMBER_OBJECT_CONVERSION = YES_AGGRESSIVE;
				CLANG_CXX_LANGUAGE_STANDARD = "gnu++14";
				CLANG_CXX_LIBRARY = "libc++";
				CLANG_ENABLE_MODULES = YES;
				CLANG_ENABLE_OBJC_ARC = YES;
				CLANG_ENABLE_OBJC_WEAK = YES;
				CLANG_WARN_BLOCK_CAPTURE_AUTORELEASING = YES;
				CLANG_WARN_BOOL_CONVERSION = YES;
				CLANG_WARN_COMMA = YES;
				CLANG_WARN_CONSTANT_CONVERSION = YES;
				CLANG_WARN_DEPRECATED_OBJC_IMPLEMENTATIONS = YES;
				CLANG_WARN_DIRECT_OBJC_ISA_USAGE = YES_ERROR;
				CLANG_WARN_DOCUMENTATION_COMMENTS = YES;
				CLANG_WARN_EMPTY_BODY = YES;
				CLANG_WARN_ENUM_CONVERSION = YES;
				CLANG_WARN_INFINITE_RECURSION = YES;
				CLANG_WARN_INT_CONVERSION = YES;
				CLANG_WARN_NON_LITERAL_NULL_CONVERSION = YES;
				CLANG_WARN_OBJC_IMPLICIT_RETAIN_SELF = YES;
				CLANG_WARN_OBJC_LITERAL_CONVERSION = YES;
				CLANG_WARN_OBJC_ROOT_CLASS = YES_ERROR;
				CLANG_WARN_RANGE_LOOP_ANALYSIS = YES;
				CLANG_WARN_STRICT_PROTOTYPES = YES;
				CLANG_WARN_SUSPICIOUS_MOVE = YES;
				CLANG_WARN_UNGUARDED_AVAILABILITY = YES_AGGRESSIVE;
				CLANG_WARN_UNREACHABLE_CODE = YES;
				CLANG_WARN__DUPLICATE_METHOD_MATCH = YES;
				COPY_PHASE_STRIP = NO;
				DEBUG_INFORMATION_FORMAT = "dwarf-with-dsym";
				ENABLE_NS_ASSERTIONS = NO;
				ENABLE_STRICT_OBJC_MSGSEND = YES;
				GCC_C_LANGUAGE_STANDARD = gnu11;
				GCC_NO_COMMON_BLOCKS = YES;
				GCC_WARN_64_TO_32_BIT_CONVERSION = YES;
				GCC_WARN_ABOUT_RETURN_TYPE = YES_ERROR;
				GCC_WARN_UNDECLARED_SELECTOR = YES;
				GCC_WARN_UNINITIALIZED_AUTOS = YES_AGGRESSIVE;
				GCC_WARN_UNUSED_FUNCTION = YES;
				GCC_WARN_UNUSED_VARIABLE = YES;
				IPHONEOS_DEPLOYMENT_TARGET = 13.2;
				MTL_ENABLE_DEBUG_INFO = NO;
				MTL_FAST_MATH = YES;
				SDKROOT = iphoneos;
				SWIFT_COMPILATION_MODE = wholemodule;
				SWIFT_OPTIMIZATION_LEVEL = "-O";
				VALIDATE_PRODUCT = YES;
			};
			name = Release;
		};
		CED5B366241E991600410D73 /* Debug */ = {
			isa = XCBuildConfiguration;
			buildSettings = {
				ASSETCATALOG_COMPILER_APPICON_NAME = AppIcon;
				CODE_SIGN_STYLE = Automatic;
				INFOPLIST_FILE = hw3/Info.plist;
				LD_RUNPATH_SEARCH_PATHS = (
					"$(inherited)",
					"@executable_path/Frameworks",
				);
				PRODUCT_BUNDLE_IDENTIFIER = FI.muni.hw3;
				PRODUCT_NAME = "$(TARGET_NAME)";
				SWIFT_VERSION = 5.0;
				TARGETED_DEVICE_FAMILY = "1,2";
			};
			name = Debug;
		};
		CED5B367241E991600410D73 /* Release */ = {
			isa = XCBuildConfiguration;
			buildSettings = {
				ASSETCATALOG_COMPILER_APPICON_NAME = AppIcon;
				CODE_SIGN_STYLE = Automatic;
				INFOPLIST_FILE = hw3/Info.plist;
				LD_RUNPATH_SEARCH_PATHS = (
					"$(inherited)",
					"@executable_path/Frameworks",
				);
				PRODUCT_BUNDLE_IDENTIFIER = FI.muni.hw3;
				PRODUCT_NAME = "$(TARGET_NAME)";
				SWIFT_VERSION = 5.0;
				TARGETED_DEVICE_FAMILY = "1,2";
			};
			name = Release;
		};
/* End XCBuildConfiguration section */

/* Begin XCConfigurationList section */
		CED5B34C241E991400410D73 /* Build configuration list for PBXProject "hw3" */ = {
			isa = XCConfigurationList;
			buildConfigurations = (
				CED5B363241E991600410D73 /* Debug */,
				CED5B364241E991600410D73 /* Release */,
			);
			defaultConfigurationIsVisible = 0;
			defaultConfigurationName = Release;
		};
		CED5B365241E991600410D73 /* Build configuration list for PBXNativeTarget "hw3" */ = {
			isa = XCConfigurationList;
			buildConfigurations = (
				CED5B366241E991600410D73 /* Debug */,
				CED5B367241E991600410D73 /* Release */,
			);
			defaultConfigurationIsVisible = 0;
			defaultConfigurationName = Release;
		};
/* End XCConfigurationList section */

/* Begin XCRemoteSwiftPackageReference section */
		CE74E30C2423C97000005FDE /* XCRemoteSwiftPackageReference "Alamofire" */ = {
			isa = XCRemoteSwiftPackageReference;
			repositoryURL = "https://github.com/Alamofire/Alamofire";
			requirement = {
				kind = upToNextMajorVersion;
				minimumVersion = 5.0.4;
			};
		};
/* End XCRemoteSwiftPackageReference section */

/* Begin XCSwiftPackageProductDependency section */
		CE74E30D2423C97000005FDE /* Alamofire */ = {
			isa = XCSwiftPackageProductDependency;
			package = CE74E30C2423C97000005FDE /* XCRemoteSwiftPackageReference "Alamofire" */;
			productName = Alamofire;
		};
/* End XCSwiftPackageProductDependency section */
	};
	rootObject = CED5B349241E991400410D73 /* Project object */;
}
